
Microsoft Visual Studio Solution File, Format Version 12.00
# Visual Studio Version 17
VisualStudioVersion = 17.0.31314.256
MinimumVisualStudioVersion = 10.0.40219.1
Project("{2150E333-8FDC-42A3-9474-1A3956D46DE8}") = "Automation", "Automation", "{0BFBE63A-B98A-3411-8EEB-8918FEC737B3}"
EndProject
Project("{2150E333-8FDC-42A3-9474-1A3956D46DE8}") = "Engine", "Engine", "{233774A8-CC9D-3FA9-86D1-90573E92B704}"
EndProject
Project("{2150E333-8FDC-42A3-9474-1A3956D46DE8}") = "Games", "Games", "{DE1F8B53-6C02-3C13-9101-A7C8D96F3FF6}"
EndProject
Project("{2150E333-8FDC-42A3-9474-1A3956D46DE8}") = "Programs", "Programs", "{A338B9E2-A559-34BE-A46D-F789DD488FAD}"
EndProject
Project("{2150E333-8FDC-42A3-9474-1A3956D46DE8}") = "Rules", "Rules", "{C2F57ECE-B26F-39D8-BDA7-C1D40BD8F180}"
EndProject
Project("{2150E333-8FDC-42A3-9474-1A3956D46DE8}") = "Shared", "Shared", "{57713676-9DBE-331C-AD10-26632AC9EE0C}"
EndProject
Project("{2150E333-8FDC-42A3-9474-1A3956D46DE8}") = "UnrealBuildTool.Plugins", "UnrealBuildTool.Plugins", "{7B5CFB44-F0FB-31DF-AE62-C3C096A29A7B}"
EndProject
Project("{8BC9CEB8-8B4A-11D0-8D11-00A0C91BC942}") = "UE5", "Intermediate\ProjectFiles\UE5.vcxproj", "{691D1374-8671-3F61-8A4E-BE3F1969901C}"
EndProject
Project("{8BC9CEB8-8B4A-11D0-8D11-00A0C91BC942}") = "ActionGames_Demo", "Intermediate\ProjectFiles\ActionGames_Demo.vcxproj", "{BDE385C9-43D0-31A5-8A65-E4C17D62BB92}"
	ProjectSection(ProjectDependencies) = postProject
		{50142D58-1E2B-33EC-9E7E-A4AF0EC2610B} = {50142D58-1E2B-33EC-9E7E-A4AF0EC2610B}
	EndProjectSection
EndProject
Project("{FAE04EC0-301F-11D3-BF4B-00C04F79EFBC}") = "UnrealBuildTool", "..\..\Software\UnrealEngine\UE_5.3\Engine\Source\Programs\UnrealBuildTool\UnrealBuildTool.csproj", "{50142D58-1E2B-33EC-9E7E-A4AF0EC2610B}"
EndProject
Project("{FAE04EC0-301F-11D3-BF4B-00C04F79EFBC}") = "AutomationTool", "..\..\Software\UnrealEngine\UE_5.3\Engine\Source\Programs\AutomationTool\AutomationTool.csproj", "{6F8A232D-78E8-3EED-8CBF-D3F21775016A}"
EndProject
Project("{FAE04EC0-301F-11D3-BF4B-00C04F79EFBC}") = "Android.Automation", "..\..\Software\UnrealEngine\UE_5.3\Engine\Source\Programs\AutomationTool\Android\Android.Automation.csproj", "{05F1F9D0-F0EA-3D93-901C-D1F4C493DB9D}"
EndProject
Project("{FAE04EC0-301F-11D3-BF4B-00C04F79EFBC}") = "Apple.Automation", "..\..\Software\UnrealEngine\UE_5.3\Engine\Source\Programs\AutomationTool\Apple\Apple.Automation.csproj", "{5BA9A55C-A9B0-32CB-85BA-A5FB8BE4AAB3}"
EndProject
Project("{FAE04EC0-301F-11D3-BF4B-00C04F79EFBC}") = "AutomationUtils.Automation", "..\..\Software\UnrealEngine\UE_5.3\Engine\Source\Programs\AutomationTool\AutomationUtils\AutomationUtils.Automation.csproj", "{E148EFFB-791A-3095-8E67-C63D2FC6DC37}"
EndProject
Project("{FAE04EC0-301F-11D3-BF4B-00C04F79EFBC}") = "BuildGraph.Automation", "..\..\Software\UnrealEngine\UE_5.3\Engine\Source\Programs\AutomationTool\BuildGraph\BuildGraph.Automation.csproj", "{54B4D6A1-734E-3D22-9F01-F9BB60954F35}"
EndProject
Project("{FAE04EC0-301F-11D3-BF4B-00C04F79EFBC}") = "CookedEditor.Automation", "..\..\Software\UnrealEngine\UE_5.3\Engine\Source\Programs\AutomationTool\CookedEditor\CookedEditor.Automation.csproj", "{F4B3BA23-92FB-3C36-81BE-B389826C8913}"
EndProject
Project("{FAE04EC0-301F-11D3-BF4B-00C04F79EFBC}") = "CrowdinLocalization.Automation", "..\..\Software\UnrealEngine\UE_5.3\Engine\Source\Programs\AutomationTool\CrowdinLocalization\CrowdinLocalization.Automation.csproj", "{76F3F732-3CD1-31F0-965A-24824220DB27}"
EndProject
Project("{FAE04EC0-301F-11D3-BF4B-00C04F79EFBC}") = "Gauntlet.Automation", "..\..\Software\UnrealEngine\UE_5.3\Engine\Source\Programs\AutomationTool\Gauntlet\Gauntlet.Automation.csproj", "{9A211C70-0943-3249-B0FC-C68229A50F50}"
EndProject
Project("{FAE04EC0-301F-11D3-BF4B-00C04F79EFBC}") = "IOS.Automation", "..\..\Software\UnrealEngine\UE_5.3\Engine\Source\Programs\AutomationTool\IOS\IOS.Automation.csproj", "{881B1B53-5846-3792-839A-E3A0C9B9B6B3}"
EndProject
Project("{FAE04EC0-301F-11D3-BF4B-00C04F79EFBC}") = "Linux.Automation", "..\..\Software\UnrealEngine\UE_5.3\Engine\Source\Programs\AutomationTool\Linux\Linux.Automation.csproj", "{746188DB-E099-3EFB-961D-CA3E88B0D5BA}"
EndProject
Project("{FAE04EC0-301F-11D3-BF4B-00C04F79EFBC}") = "Localization.Automation", "..\..\Software\UnrealEngine\UE_5.3\Engine\Source\Programs\AutomationTool\Localization\Localization.Automation.csproj", "{45CB649B-DA6C-3400-89A9-0477984D0E48}"
EndProject
Project("{FAE04EC0-301F-11D3-BF4B-00C04F79EFBC}") = "LowLevelTests.Automation", "..\..\Software\UnrealEngine\UE_5.3\Engine\Source\Programs\AutomationTool\LowLevelTests\LowLevelTests.Automation.csproj", "{BDDD78FE-ABED-3930-A09F-D4049CD403F1}"
EndProject
Project("{FAE04EC0-301F-11D3-BF4B-00C04F79EFBC}") = "Mac.Automation", "..\..\Software\UnrealEngine\UE_5.3\Engine\Source\Programs\AutomationTool\Mac\Mac.Automation.csproj", "{F1F79DBF-C2AE-39FF-8D47-CD9908452170}"
EndProject
Project("{FAE04EC0-301F-11D3-BF4B-00C04F79EFBC}") = "OneSkyLocalization.Automation", "..\..\Software\UnrealEngine\UE_5.3\Engine\Source\Programs\AutomationTool\OneSkyLocalization\OneSkyLocalization.Automation.csproj", "{8ACEFB1E-AB50-36D0-BDAA-568DF23894A7}"
EndProject
Project("{FAE04EC0-301F-11D3-BF4B-00C04F79EFBC}") = "AutomationScripts.Automation", "..\..\Software\UnrealEngine\UE_5.3\Engine\Source\Programs\AutomationTool\Scripts\AutomationScripts.Automation.csproj", "{099EEF38-6460-33E5-B1C2-85A3D731B8B4}"
EndProject
Project("{FAE04EC0-301F-11D3-BF4B-00C04F79EFBC}") = "SmartlingLocalization.Automation", "..\..\Software\UnrealEngine\UE_5.3\Engine\Source\Programs\AutomationTool\SmartlingLocalization\SmartlingLocalization.Automation.csproj", "{E449A458-B6CF-3E80-B3DB-087D1C967F6B}"
EndProject
Project("{FAE04EC0-301F-11D3-BF4B-00C04F79EFBC}") = "SteamDeck.Automation", "..\..\Software\UnrealEngine\UE_5.3\Engine\Source\Programs\AutomationTool\SteamDeck\SteamDeck.Automation.csproj", "{323CC102-E3CF-3E18-8A14-5F0EC63181B2}"
EndProject
Project("{FAE04EC0-301F-11D3-BF4B-00C04F79EFBC}") = "TVOS.Automation", "..\..\Software\UnrealEngine\UE_5.3\Engine\Source\Programs\AutomationTool\TVOS\TVOS.Automation.csproj", "{F63698AD-787C-363C-9E91-252A18CA0826}"
EndProject
Project("{FAE04EC0-301F-11D3-BF4B-00C04F79EFBC}") = "Turnkey.Automation", "..\..\Software\UnrealEngine\UE_5.3\Engine\Source\Programs\AutomationTool\Turnkey\Turnkey.Automation.csproj", "{AA31FF12-2F45-30D0-8205-F7424496D44F}"
EndProject
Project("{FAE04EC0-301F-11D3-BF4B-00C04F79EFBC}") = "Win.Automation", "..\..\Software\UnrealEngine\UE_5.3\Engine\Source\Programs\AutomationTool\Win\Win.Automation.csproj", "{D4BA74EC-8713-3A83-B427-E4CF85868335}"
EndProject
Project("{FAE04EC0-301F-11D3-BF4B-00C04F79EFBC}") = "XLocLocalization.Automation", "..\..\Software\UnrealEngine\UE_5.3\Engine\Source\Programs\AutomationTool\XLocLocalization\XLocLocalization.Automation.csproj", "{FC9932EA-650B-3104-9CB6-107C5558C58F}"
EndProject
Project("{FAE04EC0-301F-11D3-BF4B-00C04F79EFBC}") = "ScriptGeneratorUbtPlugin.ubtplugin", "..\..\Software\UnrealEngine\UE_5.3\Engine\Plugins\ScriptPlugin\Source\ScriptGeneratorUbtPlugin\ScriptGeneratorUbtPlugin.ubtplugin.csproj", "{03DAA74C-528C-3C9B-BCF0-95FBD08D7BF2}"
EndProject
Project("{FAE04EC0-301F-11D3-BF4B-00C04F79EFBC}") = "EpicGames.AspNet", "..\..\Software\UnrealEngine\UE_5.3\Engine\Source\Programs\Shared\EpicGames.AspNet\EpicGames.AspNet.csproj", "{FA750EDB-B192-3332-B618-32CA7199C183}"
EndProject
Project("{FAE04EC0-301F-11D3-BF4B-00C04F79EFBC}") = "EpicGames.Box", "..\..\Software\UnrealEngine\UE_5.3\Engine\Source\Programs\Shared\EpicGames.Box\EpicGames.Box.csproj", "{B7555A90-C626-3E94-B412-0FAFA5C1C3A1}"
EndProject
Project("{FAE04EC0-301F-11D3-BF4B-00C04F79EFBC}") = "EpicGames.Build", "..\..\Software\UnrealEngine\UE_5.3\Engine\Source\Programs\Shared\EpicGames.Build\EpicGames.Build.csproj", "{B0060AF7-16BC-30F2-AE2D-083202A20C19}"
EndProject
Project("{FAE04EC0-301F-11D3-BF4B-00C04F79EFBC}") = "EpicGames.BuildGraph", "..\..\Software\UnrealEngine\UE_5.3\Engine\Source\Programs\Shared\EpicGames.BuildGraph\EpicGames.BuildGraph.csproj", "{C9DB9644-6FD3-3D9B-BAED-AB0369C4D7A6}"
EndProject
Project("{FAE04EC0-301F-11D3-BF4B-00C04F79EFBC}") = "EpicGames.Core", "..\..\Software\UnrealEngine\UE_5.3\Engine\Source\Programs\Shared\EpicGames.Core\EpicGames.Core.csproj", "{89C79ABE-A242-3837-A212-E0C28BF7CA83}"
EndProject
Project("{FAE04EC0-301F-11D3-BF4B-00C04F79EFBC}") = "EpicGames.Horde", "..\..\Software\UnrealEngine\UE_5.3\Engine\Source\Programs\Shared\EpicGames.Horde\EpicGames.Horde.csproj", "{7F5F784F-E643-39E0-8C12-A29820677C71}"
EndProject
Project("{FAE04EC0-301F-11D3-BF4B-00C04F79EFBC}") = "EpicGames.IoHash", "..\..\Software\UnrealEngine\UE_5.3\Engine\Source\Programs\Shared\EpicGames.IoHash\EpicGames.IoHash.csproj", "{1EBA89A0-2F09-3FFA-BFFD-2B46599F57B6}"
EndProject
Project("{FAE04EC0-301F-11D3-BF4B-00C04F79EFBC}") = "EpicGames.Jupiter", "..\..\Software\UnrealEngine\UE_5.3\Engine\Source\Programs\Shared\EpicGames.Jupiter\EpicGames.Jupiter.csproj", "{7082987A-D03F-3F57-B70F-E8DA0C8D8BE0}"
EndProject
Project("{FAE04EC0-301F-11D3-BF4B-00C04F79EFBC}") = "EpicGames.MongoDB", "..\..\Software\UnrealEngine\UE_5.3\Engine\Source\Programs\Shared\EpicGames.MongoDB\EpicGames.MongoDB.csproj", "{CDCB78DD-E99F-3298-B682-2221D0CBBE7A}"
EndProject
Project("{FAE04EC0-301F-11D3-BF4B-00C04F79EFBC}") = "EpicGames.MsBuild", "..\..\Software\UnrealEngine\UE_5.3\Engine\Source\Programs\Shared\EpicGames.MsBuild\EpicGames.MsBuild.csproj", "{45315CFF-790C-3DFD-9B62-21F36CB206B1}"
EndProject
Project("{FAE04EC0-301F-11D3-BF4B-00C04F79EFBC}") = "EpicGames.OIDC", "..\..\Software\UnrealEngine\UE_5.3\Engine\Source\Programs\Shared\EpicGames.OIDC\EpicGames.OIDC.csproj", "{B34D0245-0D94-3933-B8A2-F840620C7518}"
EndProject
Project("{FAE04EC0-301F-11D3-BF4B-00C04F79EFBC}") = "EpicGames.Oodle", "..\..\Software\UnrealEngine\UE_5.3\Engine\Source\Programs\Shared\EpicGames.Oodle\EpicGames.Oodle.csproj", "{F8F56D08-F151-3502-A268-B4C95B058F45}"
EndProject
Project("{FAE04EC0-301F-11D3-BF4B-00C04F79EFBC}") = "EpicGames.Perforce", "..\..\Software\UnrealEngine\UE_5.3\Engine\Source\Programs\Shared\EpicGames.Perforce\EpicGames.Perforce.csproj", "{EF5C08EE-3FEF-3163-B935-1051A766C4AA}"
EndProject
Project("{FAE04EC0-301F-11D3-BF4B-00C04F79EFBC}") = "EpicGames.Perforce.Fixture", "..\..\Software\UnrealEngine\UE_5.3\Engine\Source\Programs\Shared\EpicGames.Perforce.Fixture\EpicGames.Perforce.Fixture.csproj", "{C34E8392-EE7D-341E-A49D-BF1BA07B6FAC}"
EndProject
Project("{FAE04EC0-301F-11D3-BF4B-00C04F79EFBC}") = "EpicGames.Perforce.Managed", "..\..\Software\UnrealEngine\UE_5.3\Engine\Source\Programs\Shared\EpicGames.Perforce.Managed\EpicGames.Perforce.Managed.csproj", "{45B87716-BD22-38EA-8940-BE47AF12EDD3}"
EndProject
Project("{FAE04EC0-301F-11D3-BF4B-00C04F79EFBC}") = "EpicGames.Redis", "..\..\Software\UnrealEngine\UE_5.3\Engine\Source\Programs\Shared\EpicGames.Redis\EpicGames.Redis.csproj", "{D4A6989D-7286-3F01-ACAF-B18A448E42FB}"
EndProject
Project("{FAE04EC0-301F-11D3-BF4B-00C04F79EFBC}") = "EpicGames.Serialization", "..\..\Software\UnrealEngine\UE_5.3\Engine\Source\Programs\Shared\EpicGames.Serialization\EpicGames.Serialization.csproj", "{1FDC04F9-8709-32C9-B650-4C14B0C1AD74}"
EndProject
Project("{FAE04EC0-301F-11D3-BF4B-00C04F79EFBC}") = "EpicGames.Slack", "..\..\Software\UnrealEngine\UE_5.3\Engine\Source\Programs\Shared\EpicGames.Slack\EpicGames.Slack.csproj", "{64E794A8-1BEF-3804-A54F-BED3AF3D1CD6}"
EndProject
Project("{FAE04EC0-301F-11D3-BF4B-00C04F79EFBC}") = "EpicGames.Tracing", "..\..\Software\UnrealEngine\UE_5.3\Engine\Source\Programs\Shared\EpicGames.Tracing\EpicGames.Tracing.csproj", "{58987691-890D-37FB-8CC6-7189C567EED5}"
EndProject
Project("{FAE04EC0-301F-11D3-BF4B-00C04F79EFBC}") = "EpicGames.UHT", "..\..\Software\UnrealEngine\UE_5.3\Engine\Source\Programs\Shared\EpicGames.UHT\EpicGames.UHT.csproj", "{803FA0CC-877D-3416-993A-157EF32F46E3}"
EndProject
Project("{FAE04EC0-301F-11D3-BF4B-00C04F79EFBC}") = "MarketplaceRules", "..\..\Software\UnrealEngine\UE_5.3\Engine\Intermediate\Build\BuildRulesProjects\MarketplaceRules\MarketplaceRules.csproj", "{C822352B-49A3-3B1E-B6C1-A5E70B9913DC}"
EndProject
Project("{FAE04EC0-301F-11D3-BF4B-00C04F79EFBC}") = "UE5ProgramRules", "..\..\Software\UnrealEngine\UE_5.3\Engine\Intermediate\Build\BuildRulesProjects\UE5ProgramRules\UE5ProgramRules.csproj", "{076A2BB0-82D2-3BB4-B3BF-F976E71BA205}"
EndProject
Project("{FAE04EC0-301F-11D3-BF4B-00C04F79EFBC}") = "UE5Rules", "..\..\Software\UnrealEngine\UE_5.3\Engine\Intermediate\Build\BuildRulesProjects\UE5Rules\UE5Rules.csproj", "{C869BBA5-750D-3F81-ADA9-99DEE2BF8860}"
EndProject
Project("{FAE04EC0-301F-11D3-BF4B-00C04F79EFBC}") = "ActionGames_DemoModuleRules", "Intermediate\Build\BuildRulesProjects\ActionGames_DemoModuleRules\ActionGames_DemoModuleRules.csproj", "{2ED82A97-E69B-313B-AEB2-8F22ADDAEB7F}"
EndProject
Project("{2150E333-8FDC-42A3-9474-1A3956D46DE8}") = "Visualizers", "Visualizers", "{1CCEC849-CC72-4C59-8C36-2F7C38706D4C}"
	ProjectSection(SolutionItems) = preProject
		..\..\Software\UnrealEngine\UE_5.3\Engine\Extras\VisualStudioDebugging\Unreal.natvis = ..\..\Software\UnrealEngine\UE_5.3\Engine\Extras\VisualStudioDebugging\Unreal.natvis
		..\..\Software\UnrealEngine\UE_5.3\Engine\Extras\VisualStudioDebugging\Unreal.natstepfilter = ..\..\Software\UnrealEngine\UE_5.3\Engine\Extras\VisualStudioDebugging\Unreal.natstepfilter
	EndProjectSection
EndProject
Global
	GlobalSection(SolutionConfigurationPlatforms) = preSolution
		DebugGame Editor|Win64 = DebugGame Editor|Win64
		DebugGame|Win64 = DebugGame|Win64
		Development Editor|Win64 = Development Editor|Win64
		Development|Win64 = Development|Win64
		Shipping|Win64 = Shipping|Win64
	EndGlobalSection
	# UnrealVS Section
	GlobalSection(ddbf523f-7eb6-4887-bd51-85a714ff87eb) = preSolution
		AvailablePlatforms=Win64
	EndGlobalSection
	GlobalSection(ProjectConfigurationPlatforms) = postSolution
		{691D1374-8671-3F61-8A4E-BE3F1969901C}.DebugGame Editor|Win64.ActiveCfg = BuiltWithUnrealBuildTool|Win64
		{691D1374-8671-3F61-8A4E-BE3F1969901C}.DebugGame|Win64.ActiveCfg = BuiltWithUnrealBuildTool|Win64
		{691D1374-8671-3F61-8A4E-BE3F1969901C}.Development Editor|Win64.ActiveCfg = BuiltWithUnrealBuildTool|Win64
		{691D1374-8671-3F61-8A4E-BE3F1969901C}.Development|Win64.ActiveCfg = BuiltWithUnrealBuildTool|Win64
		{691D1374-8671-3F61-8A4E-BE3F1969901C}.Shipping|Win64.ActiveCfg = BuiltWithUnrealBuildTool|Win64
		{BDE385C9-43D0-31A5-8A65-E4C17D62BB92}.DebugGame Editor|Win64.ActiveCfg = DebugGame_Editor|x64
		{BDE385C9-43D0-31A5-8A65-E4C17D62BB92}.DebugGame Editor|Win64.Build.0 = DebugGame_Editor|x64
		{BDE385C9-43D0-31A5-8A65-E4C17D62BB92}.DebugGame|Win64.ActiveCfg = DebugGame|x64
		{BDE385C9-43D0-31A5-8A65-E4C17D62BB92}.DebugGame|Win64.Build.0 = DebugGame|x64
		{BDE385C9-43D0-31A5-8A65-E4C17D62BB92}.Development Editor|Win64.ActiveCfg = Development_Editor|x64
		{BDE385C9-43D0-31A5-8A65-E4C17D62BB92}.Development Editor|Win64.Build.0 = Development_Editor|x64
		{BDE385C9-43D0-31A5-8A65-E4C17D62BB92}.Development|Win64.ActiveCfg = Development|x64
		{BDE385C9-43D0-31A5-8A65-E4C17D62BB92}.Development|Win64.Build.0 = Development|x64
		{BDE385C9-43D0-31A5-8A65-E4C17D62BB92}.Shipping|Win64.ActiveCfg = Shipping|x64
		{BDE385C9-43D0-31A5-8A65-E4C17D62BB92}.Shipping|Win64.Build.0 = Shipping|x64
		{50142D58-1E2B-33EC-9E7E-A4AF0EC2610B}.DebugGame Editor|Win64.ActiveCfg = Development|Any CPU
		{50142D58-1E2B-33EC-9E7E-A4AF0EC2610B}.DebugGame Editor|Win64.Build.0 = Development|Any CPU
		{50142D58-1E2B-33EC-9E7E-A4AF0EC2610B}.DebugGame|Win64.ActiveCfg = Development|Any CPU
		{50142D58-1E2B-33EC-9E7E-A4AF0EC2610B}.DebugGame|Win64.Build.0 = Development|Any CPU
		{50142D58-1E2B-33EC-9E7E-A4AF0EC2610B}.Development Editor|Win64.ActiveCfg = Development|Any CPU
		{50142D58-1E2B-33EC-9E7E-A4AF0EC2610B}.Development Editor|Win64.Build.0 = Development|Any CPU
		{50142D58-1E2B-33EC-9E7E-A4AF0EC2610B}.Development|Win64.ActiveCfg = Development|Any CPU
		{50142D58-1E2B-33EC-9E7E-A4AF0EC2610B}.Development|Win64.Build.0 = Development|Any CPU
		{50142D58-1E2B-33EC-9E7E-A4AF0EC2610B}.Shipping|Win64.ActiveCfg = Development|Any CPU
		{50142D58-1E2B-33EC-9E7E-A4AF0EC2610B}.Shipping|Win64.Build.0 = Development|Any CPU
		{6F8A232D-78E8-3EED-8CBF-D3F21775016A}.DebugGame Editor|Win64.ActiveCfg = Development|Any CPU
		{6F8A232D-78E8-3EED-8CBF-D3F21775016A}.DebugGame Editor|Win64.Build.0 = Development|Any CPU
		{6F8A232D-78E8-3EED-8CBF-D3F21775016A}.DebugGame|Win64.ActiveCfg = Development|Any CPU
		{6F8A232D-78E8-3EED-8CBF-D3F21775016A}.DebugGame|Win64.Build.0 = Development|Any CPU
		{6F8A232D-78E8-3EED-8CBF-D3F21775016A}.Development Editor|Win64.ActiveCfg = Development|Any CPU
		{6F8A232D-78E8-3EED-8CBF-D3F21775016A}.Development Editor|Win64.Build.0 = Development|Any CPU
		{6F8A232D-78E8-3EED-8CBF-D3F21775016A}.Development|Win64.ActiveCfg = Development|Any CPU
		{6F8A232D-78E8-3EED-8CBF-D3F21775016A}.Development|Win64.Build.0 = Development|Any CPU
		{6F8A232D-78E8-3EED-8CBF-D3F21775016A}.Shipping|Win64.ActiveCfg = Development|Any CPU
		{6F8A232D-78E8-3EED-8CBF-D3F21775016A}.Shipping|Win64.Build.0 = Development|Any CPU
		{05F1F9D0-F0EA-3D93-901C-D1F4C493DB9D}.DebugGame Editor|Win64.ActiveCfg = Development|Any CPU
		{05F1F9D0-F0EA-3D93-901C-D1F4C493DB9D}.DebugGame Editor|Win64.Build.0 = Development|Any CPU
		{05F1F9D0-F0EA-3D93-901C-D1F4C493DB9D}.DebugGame|Win64.ActiveCfg = Development|Any CPU
		{05F1F9D0-F0EA-3D93-901C-D1F4C493DB9D}.DebugGame|Win64.Build.0 = Development|Any CPU
		{05F1F9D0-F0EA-3D93-901C-D1F4C493DB9D}.Development Editor|Win64.ActiveCfg = Development|Any CPU
		{05F1F9D0-F0EA-3D93-901C-D1F4C493DB9D}.Development Editor|Win64.Build.0 = Development|Any CPU
		{05F1F9D0-F0EA-3D93-901C-D1F4C493DB9D}.Development|Win64.ActiveCfg = Development|Any CPU
		{05F1F9D0-F0EA-3D93-901C-D1F4C493DB9D}.Development|Win64.Build.0 = Development|Any CPU
		{05F1F9D0-F0EA-3D93-901C-D1F4C493DB9D}.Shipping|Win64.ActiveCfg = Development|Any CPU
		{05F1F9D0-F0EA-3D93-901C-D1F4C493DB9D}.Shipping|Win64.Build.0 = Development|Any CPU
		{5BA9A55C-A9B0-32CB-85BA-A5FB8BE4AAB3}.DebugGame Editor|Win64.ActiveCfg = Development|Any CPU
		{5BA9A55C-A9B0-32CB-85BA-A5FB8BE4AAB3}.DebugGame Editor|Win64.Build.0 = Development|Any CPU
		{5BA9A55C-A9B0-32CB-85BA-A5FB8BE4AAB3}.DebugGame|Win64.ActiveCfg = Development|Any CPU
		{5BA9A55C-A9B0-32CB-85BA-A5FB8BE4AAB3}.DebugGame|Win64.Build.0 = Development|Any CPU
		{5BA9A55C-A9B0-32CB-85BA-A5FB8BE4AAB3}.Development Editor|Win64.ActiveCfg = Development|Any CPU
		{5BA9A55C-A9B0-32CB-85BA-A5FB8BE4AAB3}.Development Editor|Win64.Build.0 = Development|Any CPU
		{5BA9A55C-A9B0-32CB-85BA-A5FB8BE4AAB3}.Development|Win64.ActiveCfg = Development|Any CPU
		{5BA9A55C-A9B0-32CB-85BA-A5FB8BE4AAB3}.Development|Win64.Build.0 = Development|Any CPU
		{5BA9A55C-A9B0-32CB-85BA-A5FB8BE4AAB3}.Shipping|Win64.ActiveCfg = Development|Any CPU
		{5BA9A55C-A9B0-32CB-85BA-A5FB8BE4AAB3}.Shipping|Win64.Build.0 = Development|Any CPU
		{E148EFFB-791A-3095-8E67-C63D2FC6DC37}.DebugGame Editor|Win64.ActiveCfg = Development|Any CPU
		{E148EFFB-791A-3095-8E67-C63D2FC6DC37}.DebugGame Editor|Win64.Build.0 = Development|Any CPU
		{E148EFFB-791A-3095-8E67-C63D2FC6DC37}.DebugGame|Win64.ActiveCfg = Development|Any CPU
		{E148EFFB-791A-3095-8E67-C63D2FC6DC37}.DebugGame|Win64.Build.0 = Development|Any CPU
		{E148EFFB-791A-3095-8E67-C63D2FC6DC37}.Development Editor|Win64.ActiveCfg = Development|Any CPU
		{E148EFFB-791A-3095-8E67-C63D2FC6DC37}.Development Editor|Win64.Build.0 = Development|Any CPU
		{E148EFFB-791A-3095-8E67-C63D2FC6DC37}.Development|Win64.ActiveCfg = Development|Any CPU
		{E148EFFB-791A-3095-8E67-C63D2FC6DC37}.Development|Win64.Build.0 = Development|Any CPU
		{E148EFFB-791A-3095-8E67-C63D2FC6DC37}.Shipping|Win64.ActiveCfg = Development|Any CPU
		{E148EFFB-791A-3095-8E67-C63D2FC6DC37}.Shipping|Win64.Build.0 = Development|Any CPU
		{54B4D6A1-734E-3D22-9F01-F9BB60954F35}.DebugGame Editor|Win64.ActiveCfg = Development|Any CPU
		{54B4D6A1-734E-3D22-9F01-F9BB60954F35}.DebugGame Editor|Win64.Build.0 = Development|Any CPU
		{54B4D6A1-734E-3D22-9F01-F9BB60954F35}.DebugGame|Win64.ActiveCfg = Development|Any CPU
		{54B4D6A1-734E-3D22-9F01-F9BB60954F35}.DebugGame|Win64.Build.0 = Development|Any CPU
		{54B4D6A1-734E-3D22-9F01-F9BB60954F35}.Development Editor|Win64.ActiveCfg = Development|Any CPU
		{54B4D6A1-734E-3D22-9F01-F9BB60954F35}.Development Editor|Win64.Build.0 = Development|Any CPU
		{54B4D6A1-734E-3D22-9F01-F9BB60954F35}.Development|Win64.ActiveCfg = Development|Any CPU
		{54B4D6A1-734E-3D22-9F01-F9BB60954F35}.Development|Win64.Build.0 = Development|Any CPU
		{54B4D6A1-734E-3D22-9F01-F9BB60954F35}.Shipping|Win64.ActiveCfg = Development|Any CPU
		{54B4D6A1-734E-3D22-9F01-F9BB60954F35}.Shipping|Win64.Build.0 = Development|Any CPU
		{F4B3BA23-92FB-3C36-81BE-B389826C8913}.DebugGame Editor|Win64.ActiveCfg = Development|Any CPU
		{F4B3BA23-92FB-3C36-81BE-B389826C8913}.DebugGame Editor|Win64.Build.0 = Development|Any CPU
		{F4B3BA23-92FB-3C36-81BE-B389826C8913}.DebugGame|Win64.ActiveCfg = Development|Any CPU
		{F4B3BA23-92FB-3C36-81BE-B389826C8913}.DebugGame|Win64.Build.0 = Development|Any CPU
		{F4B3BA23-92FB-3C36-81BE-B389826C8913}.Development Editor|Win64.ActiveCfg = Development|Any CPU
		{F4B3BA23-92FB-3C36-81BE-B389826C8913}.Development Editor|Win64.Build.0 = Development|Any CPU
		{F4B3BA23-92FB-3C36-81BE-B389826C8913}.Development|Win64.ActiveCfg = Development|Any CPU
		{F4B3BA23-92FB-3C36-81BE-B389826C8913}.Development|Win64.Build.0 = Development|Any CPU
		{F4B3BA23-92FB-3C36-81BE-B389826C8913}.Shipping|Win64.ActiveCfg = Development|Any CPU
		{F4B3BA23-92FB-3C36-81BE-B389826C8913}.Shipping|Win64.Build.0 = Development|Any CPU
		{76F3F732-3CD1-31F0-965A-24824220DB27}.DebugGame Editor|Win64.ActiveCfg = Development|Any CPU
		{76F3F732-3CD1-31F0-965A-24824220DB27}.DebugGame Editor|Win64.Build.0 = Development|Any CPU
		{76F3F732-3CD1-31F0-965A-24824220DB27}.DebugGame|Win64.ActiveCfg = Development|Any CPU
		{76F3F732-3CD1-31F0-965A-24824220DB27}.DebugGame|Win64.Build.0 = Development|Any CPU
		{76F3F732-3CD1-31F0-965A-24824220DB27}.Development Editor|Win64.ActiveCfg = Development|Any CPU
		{76F3F732-3CD1-31F0-965A-24824220DB27}.Development Editor|Win64.Build.0 = Development|Any CPU
		{76F3F732-3CD1-31F0-965A-24824220DB27}.Development|Win64.ActiveCfg = Development|Any CPU
		{76F3F732-3CD1-31F0-965A-24824220DB27}.Development|Win64.Build.0 = Development|Any CPU
		{76F3F732-3CD1-31F0-965A-24824220DB27}.Shipping|Win64.ActiveCfg = Development|Any CPU
		{76F3F732-3CD1-31F0-965A-24824220DB27}.Shipping|Win64.Build.0 = Development|Any CPU
		{9A211C70-0943-3249-B0FC-C68229A50F50}.DebugGame Editor|Win64.ActiveCfg = Development|Any CPU
		{9A211C70-0943-3249-B0FC-C68229A50F50}.DebugGame Editor|Win64.Build.0 = Development|Any CPU
		{9A211C70-0943-3249-B0FC-C68229A50F50}.DebugGame|Win64.ActiveCfg = Development|Any CPU
		{9A211C70-0943-3249-B0FC-C68229A50F50}.DebugGame|Win64.Build.0 = Development|Any CPU
		{9A211C70-0943-3249-B0FC-C68229A50F50}.Development Editor|Win64.ActiveCfg = Development|Any CPU
		{9A211C70-0943-3249-B0FC-C68229A50F50}.Development Editor|Win64.Build.0 = Development|Any CPU
		{9A211C70-0943-3249-B0FC-C68229A50F50}.Development|Win64.ActiveCfg = Development|Any CPU
		{9A211C70-0943-3249-B0FC-C68229A50F50}.Development|Win64.Build.0 = Development|Any CPU
		{9A211C70-0943-3249-B0FC-C68229A50F50}.Shipping|Win64.ActiveCfg = Development|Any CPU
		{9A211C70-0943-3249-B0FC-C68229A50F50}.Shipping|Win64.Build.0 = Development|Any CPU
		{881B1B53-5846-3792-839A-E3A0C9B9B6B3}.DebugGame Editor|Win64.ActiveCfg = Development|Any CPU
		{881B1B53-5846-3792-839A-E3A0C9B9B6B3}.DebugGame Editor|Win64.Build.0 = Development|Any CPU
		{881B1B53-5846-3792-839A-E3A0C9B9B6B3}.DebugGame|Win64.ActiveCfg = Development|Any CPU
		{881B1B53-5846-3792-839A-E3A0C9B9B6B3}.DebugGame|Win64.Build.0 = Development|Any CPU
		{881B1B53-5846-3792-839A-E3A0C9B9B6B3}.Development Editor|Win64.ActiveCfg = Development|Any CPU
		{881B1B53-5846-3792-839A-E3A0C9B9B6B3}.Development Editor|Win64.Build.0 = Development|Any CPU
		{881B1B53-5846-3792-839A-E3A0C9B9B6B3}.Development|Win64.ActiveCfg = Development|Any CPU
		{881B1B53-5846-3792-839A-E3A0C9B9B6B3}.Development|Win64.Build.0 = Development|Any CPU
		{881B1B53-5846-3792-839A-E3A0C9B9B6B3}.Shipping|Win64.ActiveCfg = Development|Any CPU
		{881B1B53-5846-3792-839A-E3A0C9B9B6B3}.Shipping|Win64.Build.0 = Development|Any CPU
		{746188DB-E099-3EFB-961D-CA3E88B0D5BA}.DebugGame Editor|Win64.ActiveCfg = Development|Any CPU
		{746188DB-E099-3EFB-961D-CA3E88B0D5BA}.DebugGame Editor|Win64.Build.0 = Development|Any CPU
		{746188DB-E099-3EFB-961D-CA3E88B0D5BA}.DebugGame|Win64.ActiveCfg = Development|Any CPU
		{746188DB-E099-3EFB-961D-CA3E88B0D5BA}.DebugGame|Win64.Build.0 = Development|Any CPU
		{746188DB-E099-3EFB-961D-CA3E88B0D5BA}.Development Editor|Win64.ActiveCfg = Development|Any CPU
		{746188DB-E099-3EFB-961D-CA3E88B0D5BA}.Development Editor|Win64.Build.0 = Development|Any CPU
		{746188DB-E099-3EFB-961D-CA3E88B0D5BA}.Development|Win64.ActiveCfg = Development|Any CPU
		{746188DB-E099-3EFB-961D-CA3E88B0D5BA}.Development|Win64.Build.0 = Development|Any CPU
		{746188DB-E099-3EFB-961D-CA3E88B0D5BA}.Shipping|Win64.ActiveCfg = Development|Any CPU
		{746188DB-E099-3EFB-961D-CA3E88B0D5BA}.Shipping|Win64.Build.0 = Development|Any CPU
		{45CB649B-DA6C-3400-89A9-0477984D0E48}.DebugGame Editor|Win64.ActiveCfg = Development|Any CPU
		{45CB649B-DA6C-3400-89A9-0477984D0E48}.DebugGame Editor|Win64.Build.0 = Development|Any CPU
		{45CB649B-DA6C-3400-89A9-0477984D0E48}.DebugGame|Win64.ActiveCfg = Development|Any CPU
		{45CB649B-DA6C-3400-89A9-0477984D0E48}.DebugGame|Win64.Build.0 = Development|Any CPU
		{45CB649B-DA6C-3400-89A9-0477984D0E48}.Development Editor|Win64.ActiveCfg = Development|Any CPU
		{45CB649B-DA6C-3400-89A9-0477984D0E48}.Development Editor|Win64.Build.0 = Development|Any CPU
		{45CB649B-DA6C-3400-89A9-0477984D0E48}.Development|Win64.ActiveCfg = Development|Any CPU
		{45CB649B-DA6C-3400-89A9-0477984D0E48}.Development|Win64.Build.0 = Development|Any CPU
		{45CB649B-DA6C-3400-89A9-0477984D0E48}.Shipping|Win64.ActiveCfg = Development|Any CPU
		{45CB649B-DA6C-3400-89A9-0477984D0E48}.Shipping|Win64.Build.0 = Development|Any CPU
		{BDDD78FE-ABED-3930-A09F-D4049CD403F1}.DebugGame Editor|Win64.ActiveCfg = Development|Any CPU
		{BDDD78FE-ABED-3930-A09F-D4049CD403F1}.DebugGame Editor|Win64.Build.0 = Development|Any CPU
		{BDDD78FE-ABED-3930-A09F-D4049CD403F1}.DebugGame|Win64.ActiveCfg = Development|Any CPU
		{BDDD78FE-ABED-3930-A09F-D4049CD403F1}.DebugGame|Win64.Build.0 = Development|Any CPU
		{BDDD78FE-ABED-3930-A09F-D4049CD403F1}.Development Editor|Win64.ActiveCfg = Development|Any CPU
		{BDDD78FE-ABED-3930-A09F-D4049CD403F1}.Development Editor|Win64.Build.0 = Development|Any CPU
		{BDDD78FE-ABED-3930-A09F-D4049CD403F1}.Development|Win64.ActiveCfg = Development|Any CPU
		{BDDD78FE-ABED-3930-A09F-D4049CD403F1}.Development|Win64.Build.0 = Development|Any CPU
		{BDDD78FE-ABED-3930-A09F-D4049CD403F1}.Shipping|Win64.ActiveCfg = Development|Any CPU
		{BDDD78FE-ABED-3930-A09F-D4049CD403F1}.Shipping|Win64.Build.0 = Development|Any CPU
		{F1F79DBF-C2AE-39FF-8D47-CD9908452170}.DebugGame Editor|Win64.ActiveCfg = Development|Any CPU
		{F1F79DBF-C2AE-39FF-8D47-CD9908452170}.DebugGame Editor|Win64.Build.0 = Development|Any CPU
		{F1F79DBF-C2AE-39FF-8D47-CD9908452170}.DebugGame|Win64.ActiveCfg = Development|Any CPU
		{F1F79DBF-C2AE-39FF-8D47-CD9908452170}.DebugGame|Win64.Build.0 = Development|Any CPU
		{F1F79DBF-C2AE-39FF-8D47-CD9908452170}.Development Editor|Win64.ActiveCfg = Development|Any CPU
		{F1F79DBF-C2AE-39FF-8D47-CD9908452170}.Development Editor|Win64.Build.0 = Development|Any CPU
		{F1F79DBF-C2AE-39FF-8D47-CD9908452170}.Development|Win64.ActiveCfg = Development|Any CPU
		{F1F79DBF-C2AE-39FF-8D47-CD9908452170}.Development|Win64.Build.0 = Development|Any CPU
		{F1F79DBF-C2AE-39FF-8D47-CD9908452170}.Shipping|Win64.ActiveCfg = Development|Any CPU
		{F1F79DBF-C2AE-39FF-8D47-CD9908452170}.Shipping|Win64.Build.0 = Development|Any CPU
		{8ACEFB1E-AB50-36D0-BDAA-568DF23894A7}.DebugGame Editor|Win64.ActiveCfg = Development|Any CPU
		{8ACEFB1E-AB50-36D0-BDAA-568DF23894A7}.DebugGame Editor|Win64.Build.0 = Development|Any CPU
		{8ACEFB1E-AB50-36D0-BDAA-568DF23894A7}.DebugGame|Win64.ActiveCfg = Development|Any CPU
		{8ACEFB1E-AB50-36D0-BDAA-568DF23894A7}.DebugGame|Win64.Build.0 = Development|Any CPU
		{8ACEFB1E-AB50-36D0-BDAA-568DF23894A7}.Development Editor|Win64.ActiveCfg = Development|Any CPU
		{8ACEFB1E-AB50-36D0-BDAA-568DF23894A7}.Development Editor|Win64.Build.0 = Development|Any CPU
		{8ACEFB1E-AB50-36D0-BDAA-568DF23894A7}.Development|Win64.ActiveCfg = Development|Any CPU
		{8ACEFB1E-AB50-36D0-BDAA-568DF23894A7}.Development|Win64.Build.0 = Development|Any CPU
		{8ACEFB1E-AB50-36D0-BDAA-568DF23894A7}.Shipping|Win64.ActiveCfg = Development|Any CPU
		{8ACEFB1E-AB50-36D0-BDAA-568DF23894A7}.Shipping|Win64.Build.0 = Development|Any CPU
		{099EEF38-6460-33E5-B1C2-85A3D731B8B4}.DebugGame Editor|Win64.ActiveCfg = Development|Any CPU
		{099EEF38-6460-33E5-B1C2-85A3D731B8B4}.DebugGame Editor|Win64.Build.0 = Development|Any CPU
		{099EEF38-6460-33E5-B1C2-85A3D731B8B4}.DebugGame|Win64.ActiveCfg = Development|Any CPU
		{099EEF38-6460-33E5-B1C2-85A3D731B8B4}.DebugGame|Win64.Build.0 = Development|Any CPU
		{099EEF38-6460-33E5-B1C2-85A3D731B8B4}.Development Editor|Win64.ActiveCfg = Development|Any CPU
		{099EEF38-6460-33E5-B1C2-85A3D731B8B4}.Development Editor|Win64.Build.0 = Development|Any CPU
		{099EEF38-6460-33E5-B1C2-85A3D731B8B4}.Development|Win64.ActiveCfg = Development|Any CPU
		{099EEF38-6460-33E5-B1C2-85A3D731B8B4}.Development|Win64.Build.0 = Development|Any CPU
		{099EEF38-6460-33E5-B1C2-85A3D731B8B4}.Shipping|Win64.ActiveCfg = Development|Any CPU
		{099EEF38-6460-33E5-B1C2-85A3D731B8B4}.Shipping|Win64.Build.0 = Development|Any CPU
		{E449A458-B6CF-3E80-B3DB-087D1C967F6B}.DebugGame Editor|Win64.ActiveCfg = Development|Any CPU
		{E449A458-B6CF-3E80-B3DB-087D1C967F6B}.DebugGame Editor|Win64.Build.0 = Development|Any CPU
		{E449A458-B6CF-3E80-B3DB-087D1C967F6B}.DebugGame|Win64.ActiveCfg = Development|Any CPU
		{E449A458-B6CF-3E80-B3DB-087D1C967F6B}.DebugGame|Win64.Build.0 = Development|Any CPU
		{E449A458-B6CF-3E80-B3DB-087D1C967F6B}.Development Editor|Win64.ActiveCfg = Development|Any CPU
		{E449A458-B6CF-3E80-B3DB-087D1C967F6B}.Development Editor|Win64.Build.0 = Development|Any CPU
		{E449A458-B6CF-3E80-B3DB-087D1C967F6B}.Development|Win64.ActiveCfg = Development|Any CPU
		{E449A458-B6CF-3E80-B3DB-087D1C967F6B}.Development|Win64.Build.0 = Development|Any CPU
		{E449A458-B6CF-3E80-B3DB-087D1C967F6B}.Shipping|Win64.ActiveCfg = Development|Any CPU
		{E449A458-B6CF-3E80-B3DB-087D1C967F6B}.Shipping|Win64.Build.0 = Development|Any CPU
		{323CC102-E3CF-3E18-8A14-5F0EC63181B2}.DebugGame Editor|Win64.ActiveCfg = Development|Any CPU
		{323CC102-E3CF-3E18-8A14-5F0EC63181B2}.DebugGame Editor|Win64.Build.0 = Development|Any CPU
		{323CC102-E3CF-3E18-8A14-5F0EC63181B2}.DebugGame|Win64.ActiveCfg = Development|Any CPU
		{323CC102-E3CF-3E18-8A14-5F0EC63181B2}.DebugGame|Win64.Build.0 = Development|Any CPU
		{323CC102-E3CF-3E18-8A14-5F0EC63181B2}.Development Editor|Win64.ActiveCfg = Development|Any CPU
		{323CC102-E3CF-3E18-8A14-5F0EC63181B2}.Development Editor|Win64.Build.0 = Development|Any CPU
		{323CC102-E3CF-3E18-8A14-5F0EC63181B2}.Development|Win64.ActiveCfg = Development|Any CPU
		{323CC102-E3CF-3E18-8A14-5F0EC63181B2}.Development|Win64.Build.0 = Development|Any CPU
		{323CC102-E3CF-3E18-8A14-5F0EC63181B2}.Shipping|Win64.ActiveCfg = Development|Any CPU
		{323CC102-E3CF-3E18-8A14-5F0EC63181B2}.Shipping|Win64.Build.0 = Development|Any CPU
		{F63698AD-787C-363C-9E91-252A18CA0826}.DebugGame Editor|Win64.ActiveCfg = Development|Any CPU
		{F63698AD-787C-363C-9E91-252A18CA0826}.DebugGame Editor|Win64.Build.0 = Development|Any CPU
		{F63698AD-787C-363C-9E91-252A18CA0826}.DebugGame|Win64.ActiveCfg = Development|Any CPU
		{F63698AD-787C-363C-9E91-252A18CA0826}.DebugGame|Win64.Build.0 = Development|Any CPU
		{F63698AD-787C-363C-9E91-252A18CA0826}.Development Editor|Win64.ActiveCfg = Development|Any CPU
		{F63698AD-787C-363C-9E91-252A18CA0826}.Development Editor|Win64.Build.0 = Development|Any CPU
		{F63698AD-787C-363C-9E91-252A18CA0826}.Development|Win64.ActiveCfg = Development|Any CPU
		{F63698AD-787C-363C-9E91-252A18CA0826}.Development|Win64.Build.0 = Development|Any CPU
		{F63698AD-787C-363C-9E91-252A18CA0826}.Shipping|Win64.ActiveCfg = Development|Any CPU
		{F63698AD-787C-363C-9E91-252A18CA0826}.Shipping|Win64.Build.0 = Development|Any CPU
		{AA31FF12-2F45-30D0-8205-F7424496D44F}.DebugGame Editor|Win64.ActiveCfg = Development|Any CPU
		{AA31FF12-2F45-30D0-8205-F7424496D44F}.DebugGame Editor|Win64.Build.0 = Development|Any CPU
		{AA31FF12-2F45-30D0-8205-F7424496D44F}.DebugGame|Win64.ActiveCfg = Development|Any CPU
		{AA31FF12-2F45-30D0-8205-F7424496D44F}.DebugGame|Win64.Build.0 = Development|Any CPU
		{AA31FF12-2F45-30D0-8205-F7424496D44F}.Development Editor|Win64.ActiveCfg = Development|Any CPU
		{AA31FF12-2F45-30D0-8205-F7424496D44F}.Development Editor|Win64.Build.0 = Development|Any CPU
		{AA31FF12-2F45-30D0-8205-F7424496D44F}.Development|Win64.ActiveCfg = Development|Any CPU
		{AA31FF12-2F45-30D0-8205-F7424496D44F}.Development|Win64.Build.0 = Development|Any CPU
		{AA31FF12-2F45-30D0-8205-F7424496D44F}.Shipping|Win64.ActiveCfg = Development|Any CPU
		{AA31FF12-2F45-30D0-8205-F7424496D44F}.Shipping|Win64.Build.0 = Development|Any CPU
		{D4BA74EC-8713-3A83-B427-E4CF85868335}.DebugGame Editor|Win64.ActiveCfg = Development|Any CPU
		{D4BA74EC-8713-3A83-B427-E4CF85868335}.DebugGame Editor|Win64.Build.0 = Development|Any CPU
		{D4BA74EC-8713-3A83-B427-E4CF85868335}.DebugGame|Win64.ActiveCfg = Development|Any CPU
		{D4BA74EC-8713-3A83-B427-E4CF85868335}.DebugGame|Win64.Build.0 = Development|Any CPU
		{D4BA74EC-8713-3A83-B427-E4CF85868335}.Development Editor|Win64.ActiveCfg = Development|Any CPU
		{D4BA74EC-8713-3A83-B427-E4CF85868335}.Development Editor|Win64.Build.0 = Development|Any CPU
		{D4BA74EC-8713-3A83-B427-E4CF85868335}.Development|Win64.ActiveCfg = Development|Any CPU
		{D4BA74EC-8713-3A83-B427-E4CF85868335}.Development|Win64.Build.0 = Development|Any CPU
		{D4BA74EC-8713-3A83-B427-E4CF85868335}.Shipping|Win64.ActiveCfg = Development|Any CPU
		{D4BA74EC-8713-3A83-B427-E4CF85868335}.Shipping|Win64.Build.0 = Development|Any CPU
		{FC9932EA-650B-3104-9CB6-107C5558C58F}.DebugGame Editor|Win64.ActiveCfg = Development|Any CPU
		{FC9932EA-650B-3104-9CB6-107C5558C58F}.DebugGame Editor|Win64.Build.0 = Development|Any CPU
		{FC9932EA-650B-3104-9CB6-107C5558C58F}.DebugGame|Win64.ActiveCfg = Development|Any CPU
		{FC9932EA-650B-3104-9CB6-107C5558C58F}.DebugGame|Win64.Build.0 = Development|Any CPU
		{FC9932EA-650B-3104-9CB6-107C5558C58F}.Development Editor|Win64.ActiveCfg = Development|Any CPU
		{FC9932EA-650B-3104-9CB6-107C5558C58F}.Development Editor|Win64.Build.0 = Development|Any CPU
		{FC9932EA-650B-3104-9CB6-107C5558C58F}.Development|Win64.ActiveCfg = Development|Any CPU
		{FC9932EA-650B-3104-9CB6-107C5558C58F}.Development|Win64.Build.0 = Development|Any CPU
		{FC9932EA-650B-3104-9CB6-107C5558C58F}.Shipping|Win64.ActiveCfg = Development|Any CPU
		{FC9932EA-650B-3104-9CB6-107C5558C58F}.Shipping|Win64.Build.0 = Development|Any CPU
		{03DAA74C-528C-3C9B-BCF0-95FBD08D7BF2}.DebugGame Editor|Win64.ActiveCfg = Development|Any CPU
		{03DAA74C-528C-3C9B-BCF0-95FBD08D7BF2}.DebugGame Editor|Win64.Build.0 = Development|Any CPU
		{03DAA74C-528C-3C9B-BCF0-95FBD08D7BF2}.DebugGame|Win64.ActiveCfg = Development|Any CPU
		{03DAA74C-528C-3C9B-BCF0-95FBD08D7BF2}.DebugGame|Win64.Build.0 = Development|Any CPU
		{03DAA74C-528C-3C9B-BCF0-95FBD08D7BF2}.Development Editor|Win64.ActiveCfg = Development|Any CPU
		{03DAA74C-528C-3C9B-BCF0-95FBD08D7BF2}.Development Editor|Win64.Build.0 = Development|Any CPU
		{03DAA74C-528C-3C9B-BCF0-95FBD08D7BF2}.Development|Win64.ActiveCfg = Development|Any CPU
		{03DAA74C-528C-3C9B-BCF0-95FBD08D7BF2}.Development|Win64.Build.0 = Development|Any CPU
		{03DAA74C-528C-3C9B-BCF0-95FBD08D7BF2}.Shipping|Win64.ActiveCfg = Development|Any CPU
		{03DAA74C-528C-3C9B-BCF0-95FBD08D7BF2}.Shipping|Win64.Build.0 = Development|Any CPU
		{FA750EDB-B192-3332-B618-32CA7199C183}.DebugGame Editor|Win64.ActiveCfg = Development|Any CPU
		{FA750EDB-B192-3332-B618-32CA7199C183}.DebugGame Editor|Win64.Build.0 = Development|Any CPU
		{FA750EDB-B192-3332-B618-32CA7199C183}.DebugGame|Win64.ActiveCfg = Development|Any CPU
		{FA750EDB-B192-3332-B618-32CA7199C183}.DebugGame|Win64.Build.0 = Development|Any CPU
		{FA750EDB-B192-3332-B618-32CA7199C183}.Development Editor|Win64.ActiveCfg = Development|Any CPU
		{FA750EDB-B192-3332-B618-32CA7199C183}.Development Editor|Win64.Build.0 = Development|Any CPU
		{FA750EDB-B192-3332-B618-32CA7199C183}.Development|Win64.ActiveCfg = Development|Any CPU
		{FA750EDB-B192-3332-B618-32CA7199C183}.Development|Win64.Build.0 = Development|Any CPU
		{FA750EDB-B192-3332-B618-32CA7199C183}.Shipping|Win64.ActiveCfg = Development|Any CPU
		{FA750EDB-B192-3332-B618-32CA7199C183}.Shipping|Win64.Build.0 = Development|Any CPU
		{B7555A90-C626-3E94-B412-0FAFA5C1C3A1}.DebugGame Editor|Win64.ActiveCfg = Development|Any CPU
		{B7555A90-C626-3E94-B412-0FAFA5C1C3A1}.DebugGame Editor|Win64.Build.0 = Development|Any CPU
		{B7555A90-C626-3E94-B412-0FAFA5C1C3A1}.DebugGame|Win64.ActiveCfg = Development|Any CPU
		{B7555A90-C626-3E94-B412-0FAFA5C1C3A1}.DebugGame|Win64.Build.0 = Development|Any CPU
		{B7555A90-C626-3E94-B412-0FAFA5C1C3A1}.Development Editor|Win64.ActiveCfg = Development|Any CPU
		{B7555A90-C626-3E94-B412-0FAFA5C1C3A1}.Development Editor|Win64.Build.0 = Development|Any CPU
		{B7555A90-C626-3E94-B412-0FAFA5C1C3A1}.Development|Win64.ActiveCfg = Development|Any CPU
		{B7555A90-C626-3E94-B412-0FAFA5C1C3A1}.Development|Win64.Build.0 = Development|Any CPU
		{B7555A90-C626-3E94-B412-0FAFA5C1C3A1}.Shipping|Win64.ActiveCfg = Development|Any CPU
		{B7555A90-C626-3E94-B412-0FAFA5C1C3A1}.Shipping|Win64.Build.0 = Development|Any CPU
		{B0060AF7-16BC-30F2-AE2D-083202A20C19}.DebugGame Editor|Win64.ActiveCfg = Development|Any CPU
		{B0060AF7-16BC-30F2-AE2D-083202A20C19}.DebugGame Editor|Win64.Build.0 = Development|Any CPU
		{B0060AF7-16BC-30F2-AE2D-083202A20C19}.DebugGame|Win64.ActiveCfg = Development|Any CPU
		{B0060AF7-16BC-30F2-AE2D-083202A20C19}.DebugGame|Win64.Build.0 = Development|Any CPU
		{B0060AF7-16BC-30F2-AE2D-083202A20C19}.Development Editor|Win64.ActiveCfg = Development|Any CPU
		{B0060AF7-16BC-30F2-AE2D-083202A20C19}.Development Editor|Win64.Build.0 = Development|Any CPU
		{B0060AF7-16BC-30F2-AE2D-083202A20C19}.Development|Win64.ActiveCfg = Development|Any CPU
		{B0060AF7-16BC-30F2-AE2D-083202A20C19}.Development|Win64.Build.0 = Development|Any CPU
		{B0060AF7-16BC-30F2-AE2D-083202A20C19}.Shipping|Win64.ActiveCfg = Development|Any CPU
		{B0060AF7-16BC-30F2-AE2D-083202A20C19}.Shipping|Win64.Build.0 = Development|Any CPU
		{C9DB9644-6FD3-3D9B-BAED-AB0369C4D7A6}.DebugGame Editor|Win64.ActiveCfg = Development|Any CPU
		{C9DB9644-6FD3-3D9B-BAED-AB0369C4D7A6}.DebugGame Editor|Win64.Build.0 = Development|Any CPU
		{C9DB9644-6FD3-3D9B-BAED-AB0369C4D7A6}.DebugGame|Win64.ActiveCfg = Development|Any CPU
		{C9DB9644-6FD3-3D9B-BAED-AB0369C4D7A6}.DebugGame|Win64.Build.0 = Development|Any CPU
		{C9DB9644-6FD3-3D9B-BAED-AB0369C4D7A6}.Development Editor|Win64.ActiveCfg = Development|Any CPU
		{C9DB9644-6FD3-3D9B-BAED-AB0369C4D7A6}.Development Editor|Win64.Build.0 = Development|Any CPU
		{C9DB9644-6FD3-3D9B-BAED-AB0369C4D7A6}.Development|Win64.ActiveCfg = Development|Any CPU
		{C9DB9644-6FD3-3D9B-BAED-AB0369C4D7A6}.Development|Win64.Build.0 = Development|Any CPU
		{C9DB9644-6FD3-3D9B-BAED-AB0369C4D7A6}.Shipping|Win64.ActiveCfg = Development|Any CPU
		{C9DB9644-6FD3-3D9B-BAED-AB0369C4D7A6}.Shipping|Win64.Build.0 = Development|Any CPU
		{89C79ABE-A242-3837-A212-E0C28BF7CA83}.DebugGame Editor|Win64.ActiveCfg = Development|Any CPU
		{89C79ABE-A242-3837-A212-E0C28BF7CA83}.DebugGame Editor|Win64.Build.0 = Development|Any CPU
		{89C79ABE-A242-3837-A212-E0C28BF7CA83}.DebugGame|Win64.ActiveCfg = Development|Any CPU
		{89C79ABE-A242-3837-A212-E0C28BF7CA83}.DebugGame|Win64.Build.0 = Development|Any CPU
		{89C79ABE-A242-3837-A212-E0C28BF7CA83}.Development Editor|Win64.ActiveCfg = Development|Any CPU
		{89C79ABE-A242-3837-A212-E0C28BF7CA83}.Development Editor|Win64.Build.0 = Development|Any CPU
		{89C79ABE-A242-3837-A212-E0C28BF7CA83}.Development|Win64.ActiveCfg = Development|Any CPU
		{89C79ABE-A242-3837-A212-E0C28BF7CA83}.Development|Win64.Build.0 = Development|Any CPU
		{89C79ABE-A242-3837-A212-E0C28BF7CA83}.Shipping|Win64.ActiveCfg = Development|Any CPU
		{89C79ABE-A242-3837-A212-E0C28BF7CA83}.Shipping|Win64.Build.0 = Development|Any CPU
		{7F5F784F-E643-39E0-8C12-A29820677C71}.DebugGame Editor|Win64.ActiveCfg = Development|Any CPU
		{7F5F784F-E643-39E0-8C12-A29820677C71}.DebugGame Editor|Win64.Build.0 = Development|Any CPU
		{7F5F784F-E643-39E0-8C12-A29820677C71}.DebugGame|Win64.ActiveCfg = Development|Any CPU
		{7F5F784F-E643-39E0-8C12-A29820677C71}.DebugGame|Win64.Build.0 = Development|Any CPU
		{7F5F784F-E643-39E0-8C12-A29820677C71}.Development Editor|Win64.ActiveCfg = Development|Any CPU
		{7F5F784F-E643-39E0-8C12-A29820677C71}.Development Editor|Win64.Build.0 = Development|Any CPU
		{7F5F784F-E643-39E0-8C12-A29820677C71}.Development|Win64.ActiveCfg = Development|Any CPU
		{7F5F784F-E643-39E0-8C12-A29820677C71}.Development|Win64.Build.0 = Development|Any CPU
		{7F5F784F-E643-39E0-8C12-A29820677C71}.Shipping|Win64.ActiveCfg = Development|Any CPU
		{7F5F784F-E643-39E0-8C12-A29820677C71}.Shipping|Win64.Build.0 = Development|Any CPU
		{1EBA89A0-2F09-3FFA-BFFD-2B46599F57B6}.DebugGame Editor|Win64.ActiveCfg = Development|Any CPU
		{1EBA89A0-2F09-3FFA-BFFD-2B46599F57B6}.DebugGame Editor|Win64.Build.0 = Development|Any CPU
		{1EBA89A0-2F09-3FFA-BFFD-2B46599F57B6}.DebugGame|Win64.ActiveCfg = Development|Any CPU
		{1EBA89A0-2F09-3FFA-BFFD-2B46599F57B6}.DebugGame|Win64.Build.0 = Development|Any CPU
		{1EBA89A0-2F09-3FFA-BFFD-2B46599F57B6}.Development Editor|Win64.ActiveCfg = Development|Any CPU
		{1EBA89A0-2F09-3FFA-BFFD-2B46599F57B6}.Development Editor|Win64.Build.0 = Development|Any CPU
		{1EBA89A0-2F09-3FFA-BFFD-2B46599F57B6}.Development|Win64.ActiveCfg = Development|Any CPU
		{1EBA89A0-2F09-3FFA-BFFD-2B46599F57B6}.Development|Win64.Build.0 = Development|Any CPU
		{1EBA89A0-2F09-3FFA-BFFD-2B46599F57B6}.Shipping|Win64.ActiveCfg = Development|Any CPU
		{1EBA89A0-2F09-3FFA-BFFD-2B46599F57B6}.Shipping|Win64.Build.0 = Development|Any CPU
		{7082987A-D03F-3F57-B70F-E8DA0C8D8BE0}.DebugGame Editor|Win64.ActiveCfg = Development|Any CPU
		{7082987A-D03F-3F57-B70F-E8DA0C8D8BE0}.DebugGame Editor|Win64.Build.0 = Development|Any CPU
		{7082987A-D03F-3F57-B70F-E8DA0C8D8BE0}.DebugGame|Win64.ActiveCfg = Development|Any CPU
		{7082987A-D03F-3F57-B70F-E8DA0C8D8BE0}.DebugGame|Win64.Build.0 = Development|Any CPU
		{7082987A-D03F-3F57-B70F-E8DA0C8D8BE0}.Development Editor|Win64.ActiveCfg = Development|Any CPU
		{7082987A-D03F-3F57-B70F-E8DA0C8D8BE0}.Development Editor|Win64.Build.0 = Development|Any CPU
		{7082987A-D03F-3F57-B70F-E8DA0C8D8BE0}.Development|Win64.ActiveCfg = Development|Any CPU
		{7082987A-D03F-3F57-B70F-E8DA0C8D8BE0}.Development|Win64.Build.0 = Development|Any CPU
		{7082987A-D03F-3F57-B70F-E8DA0C8D8BE0}.Shipping|Win64.ActiveCfg = Development|Any CPU
		{7082987A-D03F-3F57-B70F-E8DA0C8D8BE0}.Shipping|Win64.Build.0 = Development|Any CPU
		{CDCB78DD-E99F-3298-B682-2221D0CBBE7A}.DebugGame Editor|Win64.ActiveCfg = Development|Any CPU
		{CDCB78DD-E99F-3298-B682-2221D0CBBE7A}.DebugGame Editor|Win64.Build.0 = Development|Any CPU
		{CDCB78DD-E99F-3298-B682-2221D0CBBE7A}.DebugGame|Win64.ActiveCfg = Development|Any CPU
		{CDCB78DD-E99F-3298-B682-2221D0CBBE7A}.DebugGame|Win64.Build.0 = Development|Any CPU
		{CDCB78DD-E99F-3298-B682-2221D0CBBE7A}.Development Editor|Win64.ActiveCfg = Development|Any CPU
		{CDCB78DD-E99F-3298-B682-2221D0CBBE7A}.Development Editor|Win64.Build.0 = Development|Any CPU
		{CDCB78DD-E99F-3298-B682-2221D0CBBE7A}.Development|Win64.ActiveCfg = Development|Any CPU
		{CDCB78DD-E99F-3298-B682-2221D0CBBE7A}.Development|Win64.Build.0 = Development|Any CPU
		{CDCB78DD-E99F-3298-B682-2221D0CBBE7A}.Shipping|Win64.ActiveCfg = Development|Any CPU
		{CDCB78DD-E99F-3298-B682-2221D0CBBE7A}.Shipping|Win64.Build.0 = Development|Any CPU
		{45315CFF-790C-3DFD-9B62-21F36CB206B1}.DebugGame Editor|Win64.ActiveCfg = Development|Any CPU
		{45315CFF-790C-3DFD-9B62-21F36CB206B1}.DebugGame Editor|Win64.Build.0 = Development|Any CPU
		{45315CFF-790C-3DFD-9B62-21F36CB206B1}.DebugGame|Win64.ActiveCfg = Development|Any CPU
		{45315CFF-790C-3DFD-9B62-21F36CB206B1}.DebugGame|Win64.Build.0 = Development|Any CPU
		{45315CFF-790C-3DFD-9B62-21F36CB206B1}.Development Editor|Win64.ActiveCfg = Development|Any CPU
		{45315CFF-790C-3DFD-9B62-21F36CB206B1}.Development Editor|Win64.Build.0 = Development|Any CPU
		{45315CFF-790C-3DFD-9B62-21F36CB206B1}.Development|Win64.ActiveCfg = Development|Any CPU
		{45315CFF-790C-3DFD-9B62-21F36CB206B1}.Development|Win64.Build.0 = Development|Any CPU
		{45315CFF-790C-3DFD-9B62-21F36CB206B1}.Shipping|Win64.ActiveCfg = Development|Any CPU
		{45315CFF-790C-3DFD-9B62-21F36CB206B1}.Shipping|Win64.Build.0 = Development|Any CPU
		{B34D0245-0D94-3933-B8A2-F840620C7518}.DebugGame Editor|Win64.ActiveCfg = Development|Any CPU
		{B34D0245-0D94-3933-B8A2-F840620C7518}.DebugGame Editor|Win64.Build.0 = Development|Any CPU
		{B34D0245-0D94-3933-B8A2-F840620C7518}.DebugGame|Win64.ActiveCfg = Development|Any CPU
		{B34D0245-0D94-3933-B8A2-F840620C7518}.DebugGame|Win64.Build.0 = Development|Any CPU
		{B34D0245-0D94-3933-B8A2-F840620C7518}.Development Editor|Win64.ActiveCfg = Development|Any CPU
		{B34D0245-0D94-3933-B8A2-F840620C7518}.Development Editor|Win64.Build.0 = Development|Any CPU
		{B34D0245-0D94-3933-B8A2-F840620C7518}.Development|Win64.ActiveCfg = Development|Any CPU
		{B34D0245-0D94-3933-B8A2-F840620C7518}.Development|Win64.Build.0 = Development|Any CPU
		{B34D0245-0D94-3933-B8A2-F840620C7518}.Shipping|Win64.ActiveCfg = Development|Any CPU
		{B34D0245-0D94-3933-B8A2-F840620C7518}.Shipping|Win64.Build.0 = Development|Any CPU
		{F8F56D08-F151-3502-A268-B4C95B058F45}.DebugGame Editor|Win64.ActiveCfg = Development|Any CPU
		{F8F56D08-F151-3502-A268-B4C95B058F45}.DebugGame Editor|Win64.Build.0 = Development|Any CPU
		{F8F56D08-F151-3502-A268-B4C95B058F45}.DebugGame|Win64.ActiveCfg = Development|Any CPU
		{F8F56D08-F151-3502-A268-B4C95B058F45}.DebugGame|Win64.Build.0 = Development|Any CPU
		{F8F56D08-F151-3502-A268-B4C95B058F45}.Development Editor|Win64.ActiveCfg = Development|Any CPU
		{F8F56D08-F151-3502-A268-B4C95B058F45}.Development Editor|Win64.Build.0 = Development|Any CPU
		{F8F56D08-F151-3502-A268-B4C95B058F45}.Development|Win64.ActiveCfg = Development|Any CPU
		{F8F56D08-F151-3502-A268-B4C95B058F45}.Development|Win64.Build.0 = Development|Any CPU
		{F8F56D08-F151-3502-A268-B4C95B058F45}.Shipping|Win64.ActiveCfg = Development|Any CPU
		{F8F56D08-F151-3502-A268-B4C95B058F45}.Shipping|Win64.Build.0 = Development|Any CPU
		{EF5C08EE-3FEF-3163-B935-1051A766C4AA}.DebugGame Editor|Win64.ActiveCfg = Development|Any CPU
		{EF5C08EE-3FEF-3163-B935-1051A766C4AA}.DebugGame Editor|Win64.Build.0 = Development|Any CPU
		{EF5C08EE-3FEF-3163-B935-1051A766C4AA}.DebugGame|Win64.ActiveCfg = Development|Any CPU
		{EF5C08EE-3FEF-3163-B935-1051A766C4AA}.DebugGame|Win64.Build.0 = Development|Any CPU
		{EF5C08EE-3FEF-3163-B935-1051A766C4AA}.Development Editor|Win64.ActiveCfg = Development|Any CPU
		{EF5C08EE-3FEF-3163-B935-1051A766C4AA}.Development Editor|Win64.Build.0 = Development|Any CPU
		{EF5C08EE-3FEF-3163-B935-1051A766C4AA}.Development|Win64.ActiveCfg = Development|Any CPU
		{EF5C08EE-3FEF-3163-B935-1051A766C4AA}.Development|Win64.Build.0 = Development|Any CPU
		{EF5C08EE-3FEF-3163-B935-1051A766C4AA}.Shipping|Win64.ActiveCfg = Development|Any CPU
		{EF5C08EE-3FEF-3163-B935-1051A766C4AA}.Shipping|Win64.Build.0 = Development|Any CPU
		{C34E8392-EE7D-341E-A49D-BF1BA07B6FAC}.DebugGame Editor|Win64.ActiveCfg = Development|Any CPU
		{C34E8392-EE7D-341E-A49D-BF1BA07B6FAC}.DebugGame Editor|Win64.Build.0 = Development|Any CPU
		{C34E8392-EE7D-341E-A49D-BF1BA07B6FAC}.DebugGame|Win64.ActiveCfg = Development|Any CPU
		{C34E8392-EE7D-341E-A49D-BF1BA07B6FAC}.DebugGame|Win64.Build.0 = Development|Any CPU
		{C34E8392-EE7D-341E-A49D-BF1BA07B6FAC}.Development Editor|Win64.ActiveCfg = Development|Any CPU
		{C34E8392-EE7D-341E-A49D-BF1BA07B6FAC}.Development Editor|Win64.Build.0 = Development|Any CPU
		{C34E8392-EE7D-341E-A49D-BF1BA07B6FAC}.Development|Win64.ActiveCfg = Development|Any CPU
		{C34E8392-EE7D-341E-A49D-BF1BA07B6FAC}.Development|Win64.Build.0 = Development|Any CPU
		{C34E8392-EE7D-341E-A49D-BF1BA07B6FAC}.Shipping|Win64.ActiveCfg = Development|Any CPU
		{C34E8392-EE7D-341E-A49D-BF1BA07B6FAC}.Shipping|Win64.Build.0 = Development|Any CPU
		{45B87716-BD22-38EA-8940-BE47AF12EDD3}.DebugGame Editor|Win64.ActiveCfg = Development|Any CPU
		{45B87716-BD22-38EA-8940-BE47AF12EDD3}.DebugGame Editor|Win64.Build.0 = Development|Any CPU
		{45B87716-BD22-38EA-8940-BE47AF12EDD3}.DebugGame|Win64.ActiveCfg = Development|Any CPU
		{45B87716-BD22-38EA-8940-BE47AF12EDD3}.DebugGame|Win64.Build.0 = Development|Any CPU
		{45B87716-BD22-38EA-8940-BE47AF12EDD3}.Development Editor|Win64.ActiveCfg = Development|Any CPU
		{45B87716-BD22-38EA-8940-BE47AF12EDD3}.Development Editor|Win64.Build.0 = Development|Any CPU
		{45B87716-BD22-38EA-8940-BE47AF12EDD3}.Development|Win64.ActiveCfg = Development|Any CPU
		{45B87716-BD22-38EA-8940-BE47AF12EDD3}.Development|Win64.Build.0 = Development|Any CPU
		{45B87716-BD22-38EA-8940-BE47AF12EDD3}.Shipping|Win64.ActiveCfg = Development|Any CPU
		{45B87716-BD22-38EA-8940-BE47AF12EDD3}.Shipping|Win64.Build.0 = Development|Any CPU
		{D4A6989D-7286-3F01-ACAF-B18A448E42FB}.DebugGame Editor|Win64.ActiveCfg = Development|Any CPU
		{D4A6989D-7286-3F01-ACAF-B18A448E42FB}.DebugGame Editor|Win64.Build.0 = Development|Any CPU
		{D4A6989D-7286-3F01-ACAF-B18A448E42FB}.DebugGame|Win64.ActiveCfg = Development|Any CPU
		{D4A6989D-7286-3F01-ACAF-B18A448E42FB}.DebugGame|Win64.Build.0 = Development|Any CPU
		{D4A6989D-7286-3F01-ACAF-B18A448E42FB}.Development Editor|Win64.ActiveCfg = Development|Any CPU
		{D4A6989D-7286-3F01-ACAF-B18A448E42FB}.Development Editor|Win64.Build.0 = Development|Any CPU
		{D4A6989D-7286-3F01-ACAF-B18A448E42FB}.Development|Win64.ActiveCfg = Development|Any CPU
		{D4A6989D-7286-3F01-ACAF-B18A448E42FB}.Development|Win64.Build.0 = Development|Any CPU
		{D4A6989D-7286-3F01-ACAF-B18A448E42FB}.Shipping|Win64.ActiveCfg = Development|Any CPU
		{D4A6989D-7286-3F01-ACAF-B18A448E42FB}.Shipping|Win64.Build.0 = Development|Any CPU
		{1FDC04F9-8709-32C9-B650-4C14B0C1AD74}.DebugGame Editor|Win64.ActiveCfg = Development|Any CPU
		{1FDC04F9-8709-32C9-B650-4C14B0C1AD74}.DebugGame Editor|Win64.Build.0 = Development|Any CPU
		{1FDC04F9-8709-32C9-B650-4C14B0C1AD74}.DebugGame|Win64.ActiveCfg = Development|Any CPU
		{1FDC04F9-8709-32C9-B650-4C14B0C1AD74}.DebugGame|Win64.Build.0 = Development|Any CPU
		{1FDC04F9-8709-32C9-B650-4C14B0C1AD74}.Development Editor|Win64.ActiveCfg = Development|Any CPU
		{1FDC04F9-8709-32C9-B650-4C14B0C1AD74}.Development Editor|Win64.Build.0 = Development|Any CPU
		{1FDC04F9-8709-32C9-B650-4C14B0C1AD74}.Development|Win64.ActiveCfg = Development|Any CPU
		{1FDC04F9-8709-32C9-B650-4C14B0C1AD74}.Development|Win64.Build.0 = Development|Any CPU
		{1FDC04F9-8709-32C9-B650-4C14B0C1AD74}.Shipping|Win64.ActiveCfg = Development|Any CPU
		{1FDC04F9-8709-32C9-B650-4C14B0C1AD74}.Shipping|Win64.Build.0 = Development|Any CPU
		{64E794A8-1BEF-3804-A54F-BED3AF3D1CD6}.DebugGame Editor|Win64.ActiveCfg = Development|Any CPU
		{64E794A8-1BEF-3804-A54F-BED3AF3D1CD6}.DebugGame Editor|Win64.Build.0 = Development|Any CPU
		{64E794A8-1BEF-3804-A54F-BED3AF3D1CD6}.DebugGame|Win64.ActiveCfg = Development|Any CPU
		{64E794A8-1BEF-3804-A54F-BED3AF3D1CD6}.DebugGame|Win64.Build.0 = Development|Any CPU
		{64E794A8-1BEF-3804-A54F-BED3AF3D1CD6}.Development Editor|Win64.ActiveCfg = Development|Any CPU
		{64E794A8-1BEF-3804-A54F-BED3AF3D1CD6}.Development Editor|Win64.Build.0 = Development|Any CPU
		{64E794A8-1BEF-3804-A54F-BED3AF3D1CD6}.Development|Win64.ActiveCfg = Development|Any CPU
		{64E794A8-1BEF-3804-A54F-BED3AF3D1CD6}.Development|Win64.Build.0 = Development|Any CPU
		{64E794A8-1BEF-3804-A54F-BED3AF3D1CD6}.Shipping|Win64.ActiveCfg = Development|Any CPU
		{64E794A8-1BEF-3804-A54F-BED3AF3D1CD6}.Shipping|Win64.Build.0 = Development|Any CPU
		{58987691-890D-37FB-8CC6-7189C567EED5}.DebugGame Editor|Win64.ActiveCfg = Development|Any CPU
		{58987691-890D-37FB-8CC6-7189C567EED5}.DebugGame Editor|Win64.Build.0 = Development|Any CPU
		{58987691-890D-37FB-8CC6-7189C567EED5}.DebugGame|Win64.ActiveCfg = Development|Any CPU
		{58987691-890D-37FB-8CC6-7189C567EED5}.DebugGame|Win64.Build.0 = Development|Any CPU
		{58987691-890D-37FB-8CC6-7189C567EED5}.Development Editor|Win64.ActiveCfg = Development|Any CPU
		{58987691-890D-37FB-8CC6-7189C567EED5}.Development Editor|Win64.Build.0 = Development|Any CPU
		{58987691-890D-37FB-8CC6-7189C567EED5}.Development|Win64.ActiveCfg = Development|Any CPU
		{58987691-890D-37FB-8CC6-7189C567EED5}.Development|Win64.Build.0 = Development|Any CPU
		{58987691-890D-37FB-8CC6-7189C567EED5}.Shipping|Win64.ActiveCfg = Development|Any CPU
		{58987691-890D-37FB-8CC6-7189C567EED5}.Shipping|Win64.Build.0 = Development|Any CPU
		{803FA0CC-877D-3416-993A-157EF32F46E3}.DebugGame Editor|Win64.ActiveCfg = Development|Any CPU
		{803FA0CC-877D-3416-993A-157EF32F46E3}.DebugGame Editor|Win64.Build.0 = Development|Any CPU
		{803FA0CC-877D-3416-993A-157EF32F46E3}.DebugGame|Win64.ActiveCfg = Development|Any CPU
		{803FA0CC-877D-3416-993A-157EF32F46E3}.DebugGame|Win64.Build.0 = Development|Any CPU
		{803FA0CC-877D-3416-993A-157EF32F46E3}.Development Editor|Win64.ActiveCfg = Development|Any CPU
		{803FA0CC-877D-3416-993A-157EF32F46E3}.Development Editor|Win64.Build.0 = Development|Any CPU
		{803FA0CC-877D-3416-993A-157EF32F46E3}.Development|Win64.ActiveCfg = Development|Any CPU
		{803FA0CC-877D-3416-993A-157EF32F46E3}.Development|Win64.Build.0 = Development|Any CPU
		{803FA0CC-877D-3416-993A-157EF32F46E3}.Shipping|Win64.ActiveCfg = Development|Any CPU
		{803FA0CC-877D-3416-993A-157EF32F46E3}.Shipping|Win64.Build.0 = Development|Any CPU
		{C822352B-49A3-3B1E-B6C1-A5E70B9913DC}.DebugGame Editor|Win64.ActiveCfg = Development|Any CPU
		{C822352B-49A3-3B1E-B6C1-A5E70B9913DC}.DebugGame Editor|Win64.Build.0 = Development|Any CPU
		{C822352B-49A3-3B1E-B6C1-A5E70B9913DC}.DebugGame|Win64.ActiveCfg = Development|Any CPU
		{C822352B-49A3-3B1E-B6C1-A5E70B9913DC}.DebugGame|Win64.Build.0 = Development|Any CPU
		{C822352B-49A3-3B1E-B6C1-A5E70B9913DC}.Development Editor|Win64.ActiveCfg = Development|Any CPU
		{C822352B-49A3-3B1E-B6C1-A5E70B9913DC}.Development Editor|Win64.Build.0 = Development|Any CPU
		{C822352B-49A3-3B1E-B6C1-A5E70B9913DC}.Development|Win64.ActiveCfg = Development|Any CPU
		{C822352B-49A3-3B1E-B6C1-A5E70B9913DC}.Development|Win64.Build.0 = Development|Any CPU
		{C822352B-49A3-3B1E-B6C1-A5E70B9913DC}.Shipping|Win64.ActiveCfg = Development|Any CPU
		{C822352B-49A3-3B1E-B6C1-A5E70B9913DC}.Shipping|Win64.Build.0 = Development|Any CPU
		{076A2BB0-82D2-3BB4-B3BF-F976E71BA205}.DebugGame Editor|Win64.ActiveCfg = Development|Any CPU
		{076A2BB0-82D2-3BB4-B3BF-F976E71BA205}.DebugGame Editor|Win64.Build.0 = Development|Any CPU
		{076A2BB0-82D2-3BB4-B3BF-F976E71BA205}.DebugGame|Win64.ActiveCfg = Development|Any CPU
		{076A2BB0-82D2-3BB4-B3BF-F976E71BA205}.DebugGame|Win64.Build.0 = Development|Any CPU
		{076A2BB0-82D2-3BB4-B3BF-F976E71BA205}.Development Editor|Win64.ActiveCfg = Development|Any CPU
		{076A2BB0-82D2-3BB4-B3BF-F976E71BA205}.Development Editor|Win64.Build.0 = Development|Any CPU
		{076A2BB0-82D2-3BB4-B3BF-F976E71BA205}.Development|Win64.ActiveCfg = Development|Any CPU
		{076A2BB0-82D2-3BB4-B3BF-F976E71BA205}.Development|Win64.Build.0 = Development|Any CPU
		{076A2BB0-82D2-3BB4-B3BF-F976E71BA205}.Shipping|Win64.ActiveCfg = Development|Any CPU
		{076A2BB0-82D2-3BB4-B3BF-F976E71BA205}.Shipping|Win64.Build.0 = Development|Any CPU
		{C869BBA5-750D-3F81-ADA9-99DEE2BF8860}.DebugGame Editor|Win64.ActiveCfg = Development|Any CPU
		{C869BBA5-750D-3F81-ADA9-99DEE2BF8860}.DebugGame Editor|Win64.Build.0 = Development|Any CPU
		{C869BBA5-750D-3F81-ADA9-99DEE2BF8860}.DebugGame|Win64.ActiveCfg = Development|Any CPU
		{C869BBA5-750D-3F81-ADA9-99DEE2BF8860}.DebugGame|Win64.Build.0 = Development|Any CPU
		{C869BBA5-750D-3F81-ADA9-99DEE2BF8860}.Development Editor|Win64.ActiveCfg = Development|Any CPU
		{C869BBA5-750D-3F81-ADA9-99DEE2BF8860}.Development Editor|Win64.Build.0 = Development|Any CPU
		{C869BBA5-750D-3F81-ADA9-99DEE2BF8860}.Development|Win64.ActiveCfg = Development|Any CPU
		{C869BBA5-750D-3F81-ADA9-99DEE2BF8860}.Development|Win64.Build.0 = Development|Any CPU
		{C869BBA5-750D-3F81-ADA9-99DEE2BF8860}.Shipping|Win64.ActiveCfg = Development|Any CPU
		{C869BBA5-750D-3F81-ADA9-99DEE2BF8860}.Shipping|Win64.Build.0 = Development|Any CPU
		{2ED82A97-E69B-313B-AEB2-8F22ADDAEB7F}.DebugGame Editor|Win64.ActiveCfg = Development|Any CPU
		{2ED82A97-E69B-313B-AEB2-8F22ADDAEB7F}.DebugGame Editor|Win64.Build.0 = Development|Any CPU
		{2ED82A97-E69B-313B-AEB2-8F22ADDAEB7F}.DebugGame|Win64.ActiveCfg = Development|Any CPU
		{2ED82A97-E69B-313B-AEB2-8F22ADDAEB7F}.DebugGame|Win64.Build.0 = Development|Any CPU
		{2ED82A97-E69B-313B-AEB2-8F22ADDAEB7F}.Development Editor|Win64.ActiveCfg = Development|Any CPU
		{2ED82A97-E69B-313B-AEB2-8F22ADDAEB7F}.Development Editor|Win64.Build.0 = Development|Any CPU
		{2ED82A97-E69B-313B-AEB2-8F22ADDAEB7F}.Development|Win64.ActiveCfg = Development|Any CPU
		{2ED82A97-E69B-313B-AEB2-8F22ADDAEB7F}.Development|Win64.Build.0 = Development|Any CPU
		{2ED82A97-E69B-313B-AEB2-8F22ADDAEB7F}.Shipping|Win64.ActiveCfg = Development|Any CPU
		{2ED82A97-E69B-313B-AEB2-8F22ADDAEB7F}.Shipping|Win64.Build.0 = Development|Any CPU
	EndGlobalSection
	GlobalSection(SolutionProperties) = preSolution
		HideSolutionNode = FALSE
	EndGlobalSection
	GlobalSection(NestedProjects) = preSolution
		{691D1374-8671-3F61-8A4E-BE3F1969901C} = {233774A8-CC9D-3FA9-86D1-90573E92B704}
		{BDE385C9-43D0-31A5-8A65-E4C17D62BB92} = {DE1F8B53-6C02-3C13-9101-A7C8D96F3FF6}
		{50142D58-1E2B-33EC-9E7E-A4AF0EC2610B} = {A338B9E2-A559-34BE-A46D-F789DD488FAD}
		{6F8A232D-78E8-3EED-8CBF-D3F21775016A} = {A338B9E2-A559-34BE-A46D-F789DD488FAD}
		{0BFBE63A-B98A-3411-8EEB-8918FEC737B3} = {A338B9E2-A559-34BE-A46D-F789DD488FAD}
		{7B5CFB44-F0FB-31DF-AE62-C3C096A29A7B} = {A338B9E2-A559-34BE-A46D-F789DD488FAD}
		{57713676-9DBE-331C-AD10-26632AC9EE0C} = {A338B9E2-A559-34BE-A46D-F789DD488FAD}
		{05F1F9D0-F0EA-3D93-901C-D1F4C493DB9D} = {0BFBE63A-B98A-3411-8EEB-8918FEC737B3}
		{5BA9A55C-A9B0-32CB-85BA-A5FB8BE4AAB3} = {0BFBE63A-B98A-3411-8EEB-8918FEC737B3}
		{E148EFFB-791A-3095-8E67-C63D2FC6DC37} = {0BFBE63A-B98A-3411-8EEB-8918FEC737B3}
		{54B4D6A1-734E-3D22-9F01-F9BB60954F35} = {0BFBE63A-B98A-3411-8EEB-8918FEC737B3}
		{F4B3BA23-92FB-3C36-81BE-B389826C8913} = {0BFBE63A-B98A-3411-8EEB-8918FEC737B3}
		{76F3F732-3CD1-31F0-965A-24824220DB27} = {0BFBE63A-B98A-3411-8EEB-8918FEC737B3}
		{9A211C70-0943-3249-B0FC-C68229A50F50} = {0BFBE63A-B98A-3411-8EEB-8918FEC737B3}
		{881B1B53-5846-3792-839A-E3A0C9B9B6B3} = {0BFBE63A-B98A-3411-8EEB-8918FEC737B3}
		{746188DB-E099-3EFB-961D-CA3E88B0D5BA} = {0BFBE63A-B98A-3411-8EEB-8918FEC737B3}
		{45CB649B-DA6C-3400-89A9-0477984D0E48} = {0BFBE63A-B98A-3411-8EEB-8918FEC737B3}
		{BDDD78FE-ABED-3930-A09F-D4049CD403F1} = {0BFBE63A-B98A-3411-8EEB-8918FEC737B3}
		{F1F79DBF-C2AE-39FF-8D47-CD9908452170} = {0BFBE63A-B98A-3411-8EEB-8918FEC737B3}
		{8ACEFB1E-AB50-36D0-BDAA-568DF23894A7} = {0BFBE63A-B98A-3411-8EEB-8918FEC737B3}
		{099EEF38-6460-33E5-B1C2-85A3D731B8B4} = {0BFBE63A-B98A-3411-8EEB-8918FEC737B3}
		{E449A458-B6CF-3E80-B3DB-087D1C967F6B} = {0BFBE63A-B98A-3411-8EEB-8918FEC737B3}
		{323CC102-E3CF-3E18-8A14-5F0EC63181B2} = {0BFBE63A-B98A-3411-8EEB-8918FEC737B3}
		{F63698AD-787C-363C-9E91-252A18CA0826} = {0BFBE63A-B98A-3411-8EEB-8918FEC737B3}
		{AA31FF12-2F45-30D0-8205-F7424496D44F} = {0BFBE63A-B98A-3411-8EEB-8918FEC737B3}
		{D4BA74EC-8713-3A83-B427-E4CF85868335} = {0BFBE63A-B98A-3411-8EEB-8918FEC737B3}
		{FC9932EA-650B-3104-9CB6-107C5558C58F} = {0BFBE63A-B98A-3411-8EEB-8918FEC737B3}
		{03DAA74C-528C-3C9B-BCF0-95FBD08D7BF2} = {7B5CFB44-F0FB-31DF-AE62-C3C096A29A7B}
		{FA750EDB-B192-3332-B618-32CA7199C183} = {57713676-9DBE-331C-AD10-26632AC9EE0C}
		{B7555A90-C626-3E94-B412-0FAFA5C1C3A1} = {57713676-9DBE-331C-AD10-26632AC9EE0C}
		{B0060AF7-16BC-30F2-AE2D-083202A20C19} = {57713676-9DBE-331C-AD10-26632AC9EE0C}
		{C9DB9644-6FD3-3D9B-BAED-AB0369C4D7A6} = {57713676-9DBE-331C-AD10-26632AC9EE0C}
		{89C79ABE-A242-3837-A212-E0C28BF7CA83} = {57713676-9DBE-331C-AD10-26632AC9EE0C}
		{7F5F784F-E643-39E0-8C12-A29820677C71} = {57713676-9DBE-331C-AD10-26632AC9EE0C}
		{1EBA89A0-2F09-3FFA-BFFD-2B46599F57B6} = {57713676-9DBE-331C-AD10-26632AC9EE0C}
		{7082987A-D03F-3F57-B70F-E8DA0C8D8BE0} = {57713676-9DBE-331C-AD10-26632AC9EE0C}
		{CDCB78DD-E99F-3298-B682-2221D0CBBE7A} = {57713676-9DBE-331C-AD10-26632AC9EE0C}
		{45315CFF-790C-3DFD-9B62-21F36CB206B1} = {57713676-9DBE-331C-AD10-26632AC9EE0C}
		{B34D0245-0D94-3933-B8A2-F840620C7518} = {57713676-9DBE-331C-AD10-26632AC9EE0C}
		{F8F56D08-F151-3502-A268-B4C95B058F45} = {57713676-9DBE-331C-AD10-26632AC9EE0C}
		{EF5C08EE-3FEF-3163-B935-1051A766C4AA} = {57713676-9DBE-331C-AD10-26632AC9EE0C}
		{C34E8392-EE7D-341E-A49D-BF1BA07B6FAC} = {57713676-9DBE-331C-AD10-26632AC9EE0C}
		{45B87716-BD22-38EA-8940-BE47AF12EDD3} = {57713676-9DBE-331C-AD10-26632AC9EE0C}
		{D4A6989D-7286-3F01-ACAF-B18A448E42FB} = {57713676-9DBE-331C-AD10-26632AC9EE0C}
		{1FDC04F9-8709-32C9-B650-4C14B0C1AD74} = {57713676-9DBE-331C-AD10-26632AC9EE0C}
		{64E794A8-1BEF-3804-A54F-BED3AF3D1CD6} = {57713676-9DBE-331C-AD10-26632AC9EE0C}
		{58987691-890D-37FB-8CC6-7189C567EED5} = {57713676-9DBE-331C-AD10-26632AC9EE0C}
		{803FA0CC-877D-3416-993A-157EF32F46E3} = {57713676-9DBE-331C-AD10-26632AC9EE0C}
		{C822352B-49A3-3B1E-B6C1-A5E70B9913DC} = {C2F57ECE-B26F-39D8-BDA7-C1D40BD8F180}
		{076A2BB0-82D2-3BB4-B3BF-F976E71BA205} = {C2F57ECE-B26F-39D8-BDA7-C1D40BD8F180}
		{C869BBA5-750D-3F81-ADA9-99DEE2BF8860} = {C2F57ECE-B26F-39D8-BDA7-C1D40BD8F180}
		{2ED82A97-E69B-313B-AEB2-8F22ADDAEB7F} = {C2F57ECE-B26F-39D8-BDA7-C1D40BD8F180}
	EndGlobalSection
EndGlobal
